// !$*UTF8*$!
{
	archiveVersion = 1;
	classes = {
	};
	objectVersion = 56;
	objects = {

/* Begin PBXBuildFile section */
		302205BF2BFCCD740006444D /* CustomTableViewCell.swift in Sources */ = {isa = PBXBuildFile; fileRef = 302205BE2BFCCD740006444D /* CustomTableViewCell.swift */; };
		302205C12BFDC8140006444D /* NewCategoryViewController.swift in Sources */ = {isa = PBXBuildFile; fileRef = 302205C02BFDC8140006444D /* NewCategoryViewController.swift */; };
		302205C52BFDF1980006444D /* СategoriesEmptyView.swift in Sources */ = {isa = PBXBuildFile; fileRef = 302205C42BFDF1980006444D /* СategoriesEmptyView.swift */; };
		302205C82BFE27470006444D /* CategoriesViewModel.swift in Sources */ = {isa = PBXBuildFile; fileRef = 302205C72BFE27470006444D /* CategoriesViewModel.swift */; };
		302205CC2BFF300A0006444D /* CategoriesViewController.swift in Sources */ = {isa = PBXBuildFile; fileRef = 302205CB2BFF300A0006444D /* CategoriesViewController.swift */; };
		3029B1032B27003200AE1EA9 /* WeekDay.swift in Sources */ = {isa = PBXBuildFile; fileRef = 3029B1022B27003200AE1EA9 /* WeekDay.swift */; };
		3029B1052B2700A400AE1EA9 /* ScheduleViewController.swift in Sources */ = {isa = PBXBuildFile; fileRef = 3029B1042B2700A400AE1EA9 /* ScheduleViewController.swift */; };
		3029B1072B2700DA00AE1EA9 /* ScheduleTableViewCell.swift in Sources */ = {isa = PBXBuildFile; fileRef = 3029B1062B2700DA00AE1EA9 /* ScheduleTableViewCell.swift */; };
		3029B1092B283ACF00AE1EA9 /* TrackerCreationCell.swift in Sources */ = {isa = PBXBuildFile; fileRef = 3029B1082B283ACF00AE1EA9 /* TrackerCreationCell.swift */; };
		3029B10F2B2AF1B600AE1EA9 /* UIView+extension.swift in Sources */ = {isa = PBXBuildFile; fileRef = 3029B10E2B2AF1B600AE1EA9 /* UIView+extension.swift */; };
		3029B1112B2C5FF700AE1EA9 /* MockTrackerCategories.swift in Sources */ = {isa = PBXBuildFile; fileRef = 3029B1102B2C5FF700AE1EA9 /* MockTrackerCategories.swift */; };
		30338CCF2B875141006FEED5 /* ScheduleViewControllerDelegate.swift in Sources */ = {isa = PBXBuildFile; fileRef = 30338CCE2B875141006FEED5 /* ScheduleViewControllerDelegate.swift */; };
		30338CD12B875198006FEED5 /* TrackersDelegate.swift in Sources */ = {isa = PBXBuildFile; fileRef = 30338CD02B875198006FEED5 /* TrackersDelegate.swift */; };
		30338CD32B8753DE006FEED5 /* ScheduleCellDelegate.swift in Sources */ = {isa = PBXBuildFile; fileRef = 30338CD22B8753DE006FEED5 /* ScheduleCellDelegate.swift */; };
		30338CD52B8E11C1006FEED5 /* WhatWillWeTrackView.swift in Sources */ = {isa = PBXBuildFile; fileRef = 30338CD42B8E11C1006FEED5 /* WhatWillWeTrackView.swift */; };
		30338CD72B8E1205006FEED5 /* NothingWasFoundView.swift in Sources */ = {isa = PBXBuildFile; fileRef = 30338CD62B8E1205006FEED5 /* NothingWasFoundView.swift */; };
		30338CD92B8F2B24006FEED5 /* TrackerCollectionViewCellDelegate.swift in Sources */ = {isa = PBXBuildFile; fileRef = 30338CD82B8F2B24006FEED5 /* TrackerCollectionViewCellDelegate.swift */; };
		304EDBF12C0A0A0000500AC8 /* DetectLaunch.swift in Sources */ = {isa = PBXBuildFile; fileRef = 304EDBF02C0A0A0000500AC8 /* DetectLaunch.swift */; };
		304EDBF52C0DF5B600500AC8 /* Localizable.strings in Resources */ = {isa = PBXBuildFile; fileRef = 304EDBF72C0DF5B600500AC8 /* Localizable.strings */; };
		304EDBFE2C0E008100500AC8 /* Localizable.stringsdict in Resources */ = {isa = PBXBuildFile; fileRef = 304EDC002C0E008100500AC8 /* Localizable.stringsdict */; };
		304EDC042C10509000500AC8 /* Colors.swift in Sources */ = {isa = PBXBuildFile; fileRef = 304EDC032C10509000500AC8 /* Colors.swift */; };
		304EDC1B2C11C58800500AC8 /* TrackerTests.swift in Sources */ = {isa = PBXBuildFile; fileRef = 304EDC1A2C11C58800500AC8 /* TrackerTests.swift */; };
		304EDC232C11C5EB00500AC8 /* InlineSnapshotTesting in Frameworks */ = {isa = PBXBuildFile; productRef = 304EDC222C11C5EB00500AC8 /* InlineSnapshotTesting */; };
		304EDC252C11C5EB00500AC8 /* SnapshotTesting in Frameworks */ = {isa = PBXBuildFile; productRef = 304EDC242C11C5EB00500AC8 /* SnapshotTesting */; };
		304EDC282C11CBA600500AC8 /* StatisticsNotFoundView.swift in Sources */ = {isa = PBXBuildFile; fileRef = 304EDC272C11CBA600500AC8 /* StatisticsNotFoundView.swift */; };
		306C1B022BF78D3000F4717A /* OnboardingViewController.swift in Sources */ = {isa = PBXBuildFile; fileRef = 306C1B012BF78D3000F4717A /* OnboardingViewController.swift */; };
		306C1B052BF7966400F4717A /* OnboardingPageViewController.swift in Sources */ = {isa = PBXBuildFile; fileRef = 306C1B042BF7966400F4717A /* OnboardingPageViewController.swift */; };
		3090DB3B2BE17132004C9BB0 /* Tracker.xcdatamodeld in Sources */ = {isa = PBXBuildFile; fileRef = 3090DB392BE17132004C9BB0 /* Tracker.xcdatamodeld */; };
		30B727102BF4B2080047EB56 /* DataStore.swift in Sources */ = {isa = PBXBuildFile; fileRef = 30B7270F2BF4B2080047EB56 /* DataStore.swift */; };
		30B87C5C2BA087EF008BC5A7 /* ListsOfEmojisAndColors.swift in Sources */ = {isa = PBXBuildFile; fileRef = 30B87C5B2BA087EF008BC5A7 /* ListsOfEmojisAndColors.swift */; };
		30B87C5E2BA1EC49008BC5A7 /* TrackerFeaturesCell.swift in Sources */ = {isa = PBXBuildFile; fileRef = 30B87C5D2BA1EC49008BC5A7 /* TrackerFeaturesCell.swift */; };
		30B87C602BA30924008BC5A7 /* TrackerFeaturesHeaderView.swift in Sources */ = {isa = PBXBuildFile; fileRef = 30B87C5F2BA30924008BC5A7 /* TrackerFeaturesHeaderView.swift */; };
		30C7E06B2B986EA500BD407B /* NewIrregularEventViewController.swift in Sources */ = {isa = PBXBuildFile; fileRef = 30C7E06A2B986EA500BD407B /* NewIrregularEventViewController.swift */; };
		30C7E06D2B987BD100BD407B /* EventCreationCell.swift in Sources */ = {isa = PBXBuildFile; fileRef = 30C7E06C2B987BD100BD407B /* EventCreationCell.swift */; };
		30C7E06F2B9880FF00BD407B /* MockArrays.swift in Sources */ = {isa = PBXBuildFile; fileRef = 30C7E06E2B9880FF00BD407B /* MockArrays.swift */; };
		30C7E0712B999FD700BD407B /* Schedule.swift in Sources */ = {isa = PBXBuildFile; fileRef = 30C7E0702B999FD700BD407B /* Schedule.swift */; };
		30CC24932B14CD00009791FC /* AppDelegate.swift in Sources */ = {isa = PBXBuildFile; fileRef = 30CC24922B14CD00009791FC /* AppDelegate.swift */; };
		30CC24952B14CD00009791FC /* SceneDelegate.swift in Sources */ = {isa = PBXBuildFile; fileRef = 30CC24942B14CD00009791FC /* SceneDelegate.swift */; };
		30CC249C2B14CD01009791FC /* Assets.xcassets in Resources */ = {isa = PBXBuildFile; fileRef = 30CC249B2B14CD01009791FC /* Assets.xcassets */; };
		30CC249F2B14CD01009791FC /* LaunchScreen.storyboard in Resources */ = {isa = PBXBuildFile; fileRef = 30CC249D2B14CD01009791FC /* LaunchScreen.storyboard */; };
		30CC24A72B15E351009791FC /* MainTabBarController.swift in Sources */ = {isa = PBXBuildFile; fileRef = 30CC24A62B15E351009791FC /* MainTabBarController.swift */; };
		30CC24A92B15E4F4009791FC /* TrackersViewController.swift in Sources */ = {isa = PBXBuildFile; fileRef = 30CC24A82B15E4F4009791FC /* TrackersViewController.swift */; };
		30CC24AB2B15E511009791FC /* StatisticViewController.swift in Sources */ = {isa = PBXBuildFile; fileRef = 30CC24AA2B15E511009791FC /* StatisticViewController.swift */; };
		30CC24AE2B17B906009791FC /* PaddingLabel.swift in Sources */ = {isa = PBXBuildFile; fileRef = 30CC24AD2B17B906009791FC /* PaddingLabel.swift */; };
		30CC25192B19FE6C009791FC /* Tracker.swift in Sources */ = {isa = PBXBuildFile; fileRef = 30CC25182B19FE6C009791FC /* Tracker.swift */; };
		30CC251B2B19FEA3009791FC /* TrackerCategory.swift in Sources */ = {isa = PBXBuildFile; fileRef = 30CC251A2B19FEA3009791FC /* TrackerCategory.swift */; };
		30CC251D2B19FEB5009791FC /* TrackerRecord.swift in Sources */ = {isa = PBXBuildFile; fileRef = 30CC251C2B19FEB5009791FC /* TrackerRecord.swift */; };
		30CC251F2B1FA069009791FC /* TrackerCreatingViewController.swift in Sources */ = {isa = PBXBuildFile; fileRef = 30CC251E2B1FA069009791FC /* TrackerCreatingViewController.swift */; };
		30CC25232B20B0BC009791FC /* TrackersCollectionViewCell.swift in Sources */ = {isa = PBXBuildFile; fileRef = 30CC25222B20B0BC009791FC /* TrackersCollectionViewCell.swift */; };
		30CC25472B224907009791FC /* HeaderView.swift in Sources */ = {isa = PBXBuildFile; fileRef = 30CC25462B224907009791FC /* HeaderView.swift */; };
		30CC254C2B239709009791FC /* TrackerCreationScreenViewController.swift in Sources */ = {isa = PBXBuildFile; fileRef = 30CC254B2B239709009791FC /* TrackerCreationScreenViewController.swift */; };
		30F3CB172BE8CC4D0055129A /* TrackerStore.swift in Sources */ = {isa = PBXBuildFile; fileRef = 30F3CB162BE8CC4D0055129A /* TrackerStore.swift */; };
		30F3CB192BE8CC610055129A /* TrackerCategoryStore.swift in Sources */ = {isa = PBXBuildFile; fileRef = 30F3CB182BE8CC610055129A /* TrackerCategoryStore.swift */; };
		30F3CB1B2BE8CC740055129A /* TrackerRecordStore.swift in Sources */ = {isa = PBXBuildFile; fileRef = 30F3CB1A2BE8CC740055129A /* TrackerRecordStore.swift */; };
		30F3CB1F2BEA266E0055129A /* UIColorMarshalling.swift in Sources */ = {isa = PBXBuildFile; fileRef = 30F3CB1E2BEA266E0055129A /* UIColorMarshalling.swift */; };
		30F3CB212BEA280E0055129A /* DataError.swift in Sources */ = {isa = PBXBuildFile; fileRef = 30F3CB202BEA280E0055129A /* DataError.swift */; };
/* End PBXBuildFile section */

/* Begin PBXContainerItemProxy section */
		304EDC1C2C11C58800500AC8 /* PBXContainerItemProxy */ = {
			isa = PBXContainerItemProxy;
			containerPortal = 30CC24872B14CD00009791FC /* Project object */;
			proxyType = 1;
			remoteGlobalIDString = 30CC248E2B14CD00009791FC;
			remoteInfo = Tracker;
		};
/* End PBXContainerItemProxy section */

/* Begin PBXFileReference section */
		302205BE2BFCCD740006444D /* CustomTableViewCell.swift */ = {isa = PBXFileReference; lastKnownFileType = sourcecode.swift; path = CustomTableViewCell.swift; sourceTree = "<group>"; };
		302205C02BFDC8140006444D /* NewCategoryViewController.swift */ = {isa = PBXFileReference; lastKnownFileType = sourcecode.swift; path = NewCategoryViewController.swift; sourceTree = "<group>"; };
		302205C42BFDF1980006444D /* СategoriesEmptyView.swift */ = {isa = PBXFileReference; lastKnownFileType = sourcecode.swift; path = "СategoriesEmptyView.swift"; sourceTree = "<group>"; };
		302205C72BFE27470006444D /* CategoriesViewModel.swift */ = {isa = PBXFileReference; lastKnownFileType = sourcecode.swift; path = CategoriesViewModel.swift; sourceTree = "<group>"; };
		302205CB2BFF300A0006444D /* CategoriesViewController.swift */ = {isa = PBXFileReference; lastKnownFileType = sourcecode.swift; path = CategoriesViewController.swift; sourceTree = "<group>"; };
		3029B1022B27003200AE1EA9 /* WeekDay.swift */ = {isa = PBXFileReference; lastKnownFileType = sourcecode.swift; path = WeekDay.swift; sourceTree = "<group>"; };
		3029B1042B2700A400AE1EA9 /* ScheduleViewController.swift */ = {isa = PBXFileReference; lastKnownFileType = sourcecode.swift; path = ScheduleViewController.swift; sourceTree = "<group>"; };
		3029B1062B2700DA00AE1EA9 /* ScheduleTableViewCell.swift */ = {isa = PBXFileReference; lastKnownFileType = sourcecode.swift; path = ScheduleTableViewCell.swift; sourceTree = "<group>"; };
		3029B1082B283ACF00AE1EA9 /* TrackerCreationCell.swift */ = {isa = PBXFileReference; lastKnownFileType = sourcecode.swift; path = TrackerCreationCell.swift; sourceTree = "<group>"; };
		3029B10E2B2AF1B600AE1EA9 /* UIView+extension.swift */ = {isa = PBXFileReference; lastKnownFileType = sourcecode.swift; path = "UIView+extension.swift"; sourceTree = "<group>"; };
		3029B1102B2C5FF700AE1EA9 /* MockTrackerCategories.swift */ = {isa = PBXFileReference; lastKnownFileType = sourcecode.swift; path = MockTrackerCategories.swift; sourceTree = "<group>"; };
		30338CCE2B875141006FEED5 /* ScheduleViewControllerDelegate.swift */ = {isa = PBXFileReference; lastKnownFileType = sourcecode.swift; path = ScheduleViewControllerDelegate.swift; sourceTree = "<group>"; };
		30338CD02B875198006FEED5 /* TrackersDelegate.swift */ = {isa = PBXFileReference; lastKnownFileType = sourcecode.swift; path = TrackersDelegate.swift; sourceTree = "<group>"; };
		30338CD22B8753DE006FEED5 /* ScheduleCellDelegate.swift */ = {isa = PBXFileReference; lastKnownFileType = sourcecode.swift; path = ScheduleCellDelegate.swift; sourceTree = "<group>"; };
		30338CD42B8E11C1006FEED5 /* WhatWillWeTrackView.swift */ = {isa = PBXFileReference; lastKnownFileType = sourcecode.swift; path = WhatWillWeTrackView.swift; sourceTree = "<group>"; };
		30338CD62B8E1205006FEED5 /* NothingWasFoundView.swift */ = {isa = PBXFileReference; lastKnownFileType = sourcecode.swift; path = NothingWasFoundView.swift; sourceTree = "<group>"; };
		30338CD82B8F2B24006FEED5 /* TrackerCollectionViewCellDelegate.swift */ = {isa = PBXFileReference; lastKnownFileType = sourcecode.swift; path = TrackerCollectionViewCellDelegate.swift; sourceTree = "<group>"; };
		304EDBF02C0A0A0000500AC8 /* DetectLaunch.swift */ = {isa = PBXFileReference; lastKnownFileType = sourcecode.swift; path = DetectLaunch.swift; sourceTree = "<group>"; };
		304EDBF62C0DF5B600500AC8 /* en */ = {isa = PBXFileReference; lastKnownFileType = text.plist.strings; name = en; path = en.lproj/Localizable.strings; sourceTree = "<group>"; };
		304EDBF82C0DF5D000500AC8 /* ru */ = {isa = PBXFileReference; lastKnownFileType = text.plist.strings; name = ru; path = ru.lproj/LaunchScreen.strings; sourceTree = "<group>"; };
		304EDBF92C0DF5D000500AC8 /* ru */ = {isa = PBXFileReference; lastKnownFileType = text.plist.strings; name = ru; path = ru.lproj/Localizable.strings; sourceTree = "<group>"; };
		304EDBFA2C0DF72700500AC8 /* fr */ = {isa = PBXFileReference; lastKnownFileType = text.plist.strings; name = fr; path = fr.lproj/LaunchScreen.strings; sourceTree = "<group>"; };
		304EDBFB2C0DF72700500AC8 /* fr */ = {isa = PBXFileReference; lastKnownFileType = text.plist.strings; name = fr; path = fr.lproj/Localizable.strings; sourceTree = "<group>"; };
		304EDBFF2C0E008100500AC8 /* en */ = {isa = PBXFileReference; lastKnownFileType = text.plist.stringsdict; name = en; path = en.lproj/Localizable.stringsdict; sourceTree = "<group>"; };
		304EDC012C0E008400500AC8 /* fr */ = {isa = PBXFileReference; lastKnownFileType = text.plist.stringsdict; name = fr; path = fr.lproj/Localizable.stringsdict; sourceTree = "<group>"; };
		304EDC022C0E008400500AC8 /* ru */ = {isa = PBXFileReference; lastKnownFileType = text.plist.stringsdict; name = ru; path = ru.lproj/Localizable.stringsdict; sourceTree = "<group>"; };
		304EDC032C10509000500AC8 /* Colors.swift */ = {isa = PBXFileReference; lastKnownFileType = sourcecode.swift; path = Colors.swift; sourceTree = "<group>"; };
		304EDC182C11C58800500AC8 /* TrackerTests.xctest */ = {isa = PBXFileReference; explicitFileType = wrapper.cfbundle; includeInIndex = 0; path = TrackerTests.xctest; sourceTree = BUILT_PRODUCTS_DIR; };
		304EDC1A2C11C58800500AC8 /* TrackerTests.swift */ = {isa = PBXFileReference; lastKnownFileType = sourcecode.swift; path = TrackerTests.swift; sourceTree = "<group>"; };
		304EDC272C11CBA600500AC8 /* StatisticsNotFoundView.swift */ = {isa = PBXFileReference; lastKnownFileType = sourcecode.swift; path = StatisticsNotFoundView.swift; sourceTree = "<group>"; };
		306C1B012BF78D3000F4717A /* OnboardingViewController.swift */ = {isa = PBXFileReference; lastKnownFileType = sourcecode.swift; path = OnboardingViewController.swift; sourceTree = "<group>"; };
		306C1B042BF7966400F4717A /* OnboardingPageViewController.swift */ = {isa = PBXFileReference; lastKnownFileType = sourcecode.swift; path = OnboardingPageViewController.swift; sourceTree = "<group>"; };
		3090DB3A2BE17132004C9BB0 /* Tracker.xcdatamodel */ = {isa = PBXFileReference; lastKnownFileType = wrapper.xcdatamodel; path = Tracker.xcdatamodel; sourceTree = "<group>"; };
		30B7270F2BF4B2080047EB56 /* DataStore.swift */ = {isa = PBXFileReference; lastKnownFileType = sourcecode.swift; path = DataStore.swift; sourceTree = "<group>"; };
		30B87C5B2BA087EF008BC5A7 /* ListsOfEmojisAndColors.swift */ = {isa = PBXFileReference; lastKnownFileType = sourcecode.swift; path = ListsOfEmojisAndColors.swift; sourceTree = "<group>"; };
		30B87C5D2BA1EC49008BC5A7 /* TrackerFeaturesCell.swift */ = {isa = PBXFileReference; lastKnownFileType = sourcecode.swift; path = TrackerFeaturesCell.swift; sourceTree = "<group>"; };
		30B87C5F2BA30924008BC5A7 /* TrackerFeaturesHeaderView.swift */ = {isa = PBXFileReference; lastKnownFileType = sourcecode.swift; path = TrackerFeaturesHeaderView.swift; sourceTree = "<group>"; };
		30C7E06A2B986EA500BD407B /* NewIrregularEventViewController.swift */ = {isa = PBXFileReference; lastKnownFileType = sourcecode.swift; path = NewIrregularEventViewController.swift; sourceTree = "<group>"; };
		30C7E06C2B987BD100BD407B /* EventCreationCell.swift */ = {isa = PBXFileReference; lastKnownFileType = sourcecode.swift; path = EventCreationCell.swift; sourceTree = "<group>"; };
		30C7E06E2B9880FF00BD407B /* MockArrays.swift */ = {isa = PBXFileReference; lastKnownFileType = sourcecode.swift; path = MockArrays.swift; sourceTree = "<group>"; };
		30C7E0702B999FD700BD407B /* Schedule.swift */ = {isa = PBXFileReference; lastKnownFileType = sourcecode.swift; path = Schedule.swift; sourceTree = "<group>"; };
		30CC248F2B14CD00009791FC /* Tracker.app */ = {isa = PBXFileReference; explicitFileType = wrapper.application; includeInIndex = 0; path = Tracker.app; sourceTree = BUILT_PRODUCTS_DIR; };
		30CC24922B14CD00009791FC /* AppDelegate.swift */ = {isa = PBXFileReference; lastKnownFileType = sourcecode.swift; path = AppDelegate.swift; sourceTree = "<group>"; };
		30CC24942B14CD00009791FC /* SceneDelegate.swift */ = {isa = PBXFileReference; lastKnownFileType = sourcecode.swift; path = SceneDelegate.swift; sourceTree = "<group>"; };
		30CC249B2B14CD01009791FC /* Assets.xcassets */ = {isa = PBXFileReference; lastKnownFileType = folder.assetcatalog; path = Assets.xcassets; sourceTree = "<group>"; };
		30CC249E2B14CD01009791FC /* Base */ = {isa = PBXFileReference; lastKnownFileType = file.storyboard; name = Base; path = Base.lproj/LaunchScreen.storyboard; sourceTree = "<group>"; };
		30CC24A02B14CD01009791FC /* Info.plist */ = {isa = PBXFileReference; lastKnownFileType = text.plist.xml; path = Info.plist; sourceTree = "<group>"; };
		30CC24A62B15E351009791FC /* MainTabBarController.swift */ = {isa = PBXFileReference; lastKnownFileType = sourcecode.swift; path = MainTabBarController.swift; sourceTree = "<group>"; };
		30CC24A82B15E4F4009791FC /* TrackersViewController.swift */ = {isa = PBXFileReference; lastKnownFileType = sourcecode.swift; path = TrackersViewController.swift; sourceTree = "<group>"; };
		30CC24AA2B15E511009791FC /* StatisticViewController.swift */ = {isa = PBXFileReference; lastKnownFileType = sourcecode.swift; path = StatisticViewController.swift; sourceTree = "<group>"; };
		30CC24AD2B17B906009791FC /* PaddingLabel.swift */ = {isa = PBXFileReference; lastKnownFileType = sourcecode.swift; path = PaddingLabel.swift; sourceTree = "<group>"; };
		30CC25182B19FE6C009791FC /* Tracker.swift */ = {isa = PBXFileReference; lastKnownFileType = sourcecode.swift; path = Tracker.swift; sourceTree = "<group>"; };
		30CC251A2B19FEA3009791FC /* TrackerCategory.swift */ = {isa = PBXFileReference; lastKnownFileType = sourcecode.swift; path = TrackerCategory.swift; sourceTree = "<group>"; };
		30CC251C2B19FEB5009791FC /* TrackerRecord.swift */ = {isa = PBXFileReference; lastKnownFileType = sourcecode.swift; path = TrackerRecord.swift; sourceTree = "<group>"; };
		30CC251E2B1FA069009791FC /* TrackerCreatingViewController.swift */ = {isa = PBXFileReference; lastKnownFileType = sourcecode.swift; path = TrackerCreatingViewController.swift; sourceTree = "<group>"; };
		30CC25222B20B0BC009791FC /* TrackersCollectionViewCell.swift */ = {isa = PBXFileReference; lastKnownFileType = sourcecode.swift; path = TrackersCollectionViewCell.swift; sourceTree = "<group>"; };
		30CC25462B224907009791FC /* HeaderView.swift */ = {isa = PBXFileReference; lastKnownFileType = sourcecode.swift; path = HeaderView.swift; sourceTree = "<group>"; };
		30CC254B2B239709009791FC /* TrackerCreationScreenViewController.swift */ = {isa = PBXFileReference; lastKnownFileType = sourcecode.swift; path = TrackerCreationScreenViewController.swift; sourceTree = "<group>"; };
		30F3CB162BE8CC4D0055129A /* TrackerStore.swift */ = {isa = PBXFileReference; lastKnownFileType = sourcecode.swift; path = TrackerStore.swift; sourceTree = "<group>"; };
		30F3CB182BE8CC610055129A /* TrackerCategoryStore.swift */ = {isa = PBXFileReference; lastKnownFileType = sourcecode.swift; path = TrackerCategoryStore.swift; sourceTree = "<group>"; };
		30F3CB1A2BE8CC740055129A /* TrackerRecordStore.swift */ = {isa = PBXFileReference; lastKnownFileType = sourcecode.swift; path = TrackerRecordStore.swift; sourceTree = "<group>"; };
		30F3CB1E2BEA266E0055129A /* UIColorMarshalling.swift */ = {isa = PBXFileReference; lastKnownFileType = sourcecode.swift; path = UIColorMarshalling.swift; sourceTree = "<group>"; };
		30F3CB202BEA280E0055129A /* DataError.swift */ = {isa = PBXFileReference; lastKnownFileType = sourcecode.swift; path = DataError.swift; sourceTree = "<group>"; };
/* End PBXFileReference section */

/* Begin PBXFrameworksBuildPhase section */
		304EDC152C11C58800500AC8 /* Frameworks */ = {
			isa = PBXFrameworksBuildPhase;
			buildActionMask = 2147483647;
			files = (
				304EDC232C11C5EB00500AC8 /* InlineSnapshotTesting in Frameworks */,
				304EDC252C11C5EB00500AC8 /* SnapshotTesting in Frameworks */,
			);
			runOnlyForDeploymentPostprocessing = 0;
		};
		30CC248C2B14CD00009791FC /* Frameworks */ = {
			isa = PBXFrameworksBuildPhase;
			buildActionMask = 2147483647;
			files = (
			);
			runOnlyForDeploymentPostprocessing = 0;
		};
/* End PBXFrameworksBuildPhase section */

/* Begin PBXGroup section */
		302205BD2BFCCC0D0006444D /* Category */ = {
			isa = PBXGroup;
			children = (
				302205CB2BFF300A0006444D /* CategoriesViewController.swift */,
				302205BE2BFCCD740006444D /* CustomTableViewCell.swift */,
				302205C02BFDC8140006444D /* NewCategoryViewController.swift */,
				302205C42BFDF1980006444D /* СategoriesEmptyView.swift */,
				302205C62BFE27290006444D /* ViewModel */,
			);
			path = Category;
			sourceTree = "<group>";
		};
		302205C62BFE27290006444D /* ViewModel */ = {
			isa = PBXGroup;
			children = (
				302205C72BFE27470006444D /* CategoriesViewModel.swift */,
			);
			path = ViewModel;
			sourceTree = "<group>";
		};
		3029B1012B26FFFA00AE1EA9 /* Schedule */ = {
			isa = PBXGroup;
			children = (
				3029B1022B27003200AE1EA9 /* WeekDay.swift */,
				3029B1042B2700A400AE1EA9 /* ScheduleViewController.swift */,
				3029B1062B2700DA00AE1EA9 /* ScheduleTableViewCell.swift */,
			);
			path = Schedule;
			sourceTree = "<group>";
		};
		30338CCD2B8750DB006FEED5 /* Protocols */ = {
			isa = PBXGroup;
			children = (
				30B7270F2BF4B2080047EB56 /* DataStore.swift */,
				30338CCE2B875141006FEED5 /* ScheduleViewControllerDelegate.swift */,
				30338CD82B8F2B24006FEED5 /* TrackerCollectionViewCellDelegate.swift */,
				30338CD02B875198006FEED5 /* TrackersDelegate.swift */,
				30338CD22B8753DE006FEED5 /* ScheduleCellDelegate.swift */,
			);
			path = Protocols;
			sourceTree = "<group>";
		};
		304EDBF22C0DEE5100500AC8 /* Resources */ = {
			isa = PBXGroup;
			children = (
				304EDBF72C0DF5B600500AC8 /* Localizable.strings */,
				304EDC002C0E008100500AC8 /* Localizable.stringsdict */,
				304EDC032C10509000500AC8 /* Colors.swift */,
			);
			path = Resources;
			sourceTree = "<group>";
		};
		304EDC192C11C58800500AC8 /* TrackerTests */ = {
			isa = PBXGroup;
			children = (
				304EDC1A2C11C58800500AC8 /* TrackerTests.swift */,
			);
			path = TrackerTests;
			sourceTree = "<group>";
		};
		306C1B032BF7963000F4717A /* OnBoarding */ = {
			isa = PBXGroup;
			children = (
				306C1B012BF78D3000F4717A /* OnboardingViewController.swift */,
				306C1B042BF7966400F4717A /* OnboardingPageViewController.swift */,
			);
			path = OnBoarding;
			sourceTree = "<group>";
		};
		3090DB3C2BE17141004C9BB0 /* CoreData */ = {
			isa = PBXGroup;
			children = (
				3090DB392BE17132004C9BB0 /* Tracker.xcdatamodeld */,
				30F3CB162BE8CC4D0055129A /* TrackerStore.swift */,
				30F3CB182BE8CC610055129A /* TrackerCategoryStore.swift */,
				30F3CB1A2BE8CC740055129A /* TrackerRecordStore.swift */,
				30F3CB1E2BEA266E0055129A /* UIColorMarshalling.swift */,
			);
			path = CoreData;
			sourceTree = "<group>";
		};
		30CC24862B14CD00009791FC = {
			isa = PBXGroup;
			children = (
				30CC24912B14CD00009791FC /* Tracker */,
				304EDC192C11C58800500AC8 /* TrackerTests */,
				30CC24902B14CD00009791FC /* Products */,
			);
			sourceTree = "<group>";
		};
		30CC24902B14CD00009791FC /* Products */ = {
			isa = PBXGroup;
			children = (
				30CC248F2B14CD00009791FC /* Tracker.app */,
				304EDC182C11C58800500AC8 /* TrackerTests.xctest */,
			);
			name = Products;
			sourceTree = "<group>";
		};
		30CC24912B14CD00009791FC /* Tracker */ = {
			isa = PBXGroup;
			children = (
				30CC24922B14CD00009791FC /* AppDelegate.swift */,
				30CC24942B14CD00009791FC /* SceneDelegate.swift */,
				30CC24A62B15E351009791FC /* MainTabBarController.swift */,
				304EDBF22C0DEE5100500AC8 /* Resources */,
				306C1B032BF7963000F4717A /* OnBoarding */,
				3029B1012B26FFFA00AE1EA9 /* Schedule */,
				30CC254A2B235B4F009791FC /* TrackerCreation */,
				30CC25492B235A41009791FC /* Statistic */,
				302205BD2BFCCC0D0006444D /* Category */,
				30CC25482B235A02009791FC /* Tracker */,
				30CC25172B19FE51009791FC /* Models */,
				30CC24AC2B17B8DF009791FC /* Helpers */,
				30338CCD2B8750DB006FEED5 /* Protocols */,
				3090DB3C2BE17141004C9BB0 /* CoreData */,
				30CC249D2B14CD01009791FC /* LaunchScreen.storyboard */,
				30CC249B2B14CD01009791FC /* Assets.xcassets */,
				30CC24A02B14CD01009791FC /* Info.plist */,
			);
			path = Tracker;
			sourceTree = "<group>";
		};
		30CC24AC2B17B8DF009791FC /* Helpers */ = {
			isa = PBXGroup;
			children = (
				30CC24AD2B17B906009791FC /* PaddingLabel.swift */,
				3029B10E2B2AF1B600AE1EA9 /* UIView+extension.swift */,
				30F3CB202BEA280E0055129A /* DataError.swift */,
				304EDBF02C0A0A0000500AC8 /* DetectLaunch.swift */,
			);
			path = Helpers;
			sourceTree = "<group>";
		};
		30CC25172B19FE51009791FC /* Models */ = {
			isa = PBXGroup;
			children = (
				30CC25182B19FE6C009791FC /* Tracker.swift */,
				30CC251A2B19FEA3009791FC /* TrackerCategory.swift */,
				30CC251C2B19FEB5009791FC /* TrackerRecord.swift */,
				3029B1102B2C5FF700AE1EA9 /* MockTrackerCategories.swift */,
				30C7E06E2B9880FF00BD407B /* MockArrays.swift */,
				30B87C5B2BA087EF008BC5A7 /* ListsOfEmojisAndColors.swift */,
				30C7E0702B999FD700BD407B /* Schedule.swift */,
			);
			path = Models;
			sourceTree = "<group>";
		};
		30CC25482B235A02009791FC /* Tracker */ = {
			isa = PBXGroup;
			children = (
				30CC24A82B15E4F4009791FC /* TrackersViewController.swift */,
				30CC25462B224907009791FC /* HeaderView.swift */,
				30B87C5F2BA30924008BC5A7 /* TrackerFeaturesHeaderView.swift */,
				30CC25222B20B0BC009791FC /* TrackersCollectionViewCell.swift */,
				30CC251E2B1FA069009791FC /* TrackerCreatingViewController.swift */,
				30338CD42B8E11C1006FEED5 /* WhatWillWeTrackView.swift */,
				30338CD62B8E1205006FEED5 /* NothingWasFoundView.swift */,
			);
			path = Tracker;
			sourceTree = "<group>";
		};
		30CC25492B235A41009791FC /* Statistic */ = {
			isa = PBXGroup;
			children = (
				30CC24AA2B15E511009791FC /* StatisticViewController.swift */,
				304EDC272C11CBA600500AC8 /* StatisticsNotFoundView.swift */,
			);
			path = Statistic;
			sourceTree = "<group>";
		};
		30CC254A2B235B4F009791FC /* TrackerCreation */ = {
			isa = PBXGroup;
			children = (
				30CC254B2B239709009791FC /* TrackerCreationScreenViewController.swift */,
				3029B1082B283ACF00AE1EA9 /* TrackerCreationCell.swift */,
				30B87C5D2BA1EC49008BC5A7 /* TrackerFeaturesCell.swift */,
				30C7E06A2B986EA500BD407B /* NewIrregularEventViewController.swift */,
				30C7E06C2B987BD100BD407B /* EventCreationCell.swift */,
			);
			path = TrackerCreation;
			sourceTree = "<group>";
		};
/* End PBXGroup section */

/* Begin PBXNativeTarget section */
		304EDC172C11C58800500AC8 /* TrackerTests */ = {
			isa = PBXNativeTarget;
			buildConfigurationList = 304EDC1E2C11C58800500AC8 /* Build configuration list for PBXNativeTarget "TrackerTests" */;
			buildPhases = (
				304EDC142C11C58800500AC8 /* Sources */,
				304EDC152C11C58800500AC8 /* Frameworks */,
				304EDC162C11C58800500AC8 /* Resources */,
			);
			buildRules = (
			);
			dependencies = (
				304EDC1D2C11C58800500AC8 /* PBXTargetDependency */,
			);
			name = TrackerTests;
			packageProductDependencies = (
				304EDC222C11C5EB00500AC8 /* InlineSnapshotTesting */,
				304EDC242C11C5EB00500AC8 /* SnapshotTesting */,
			);
			productName = TrackerTests;
			productReference = 304EDC182C11C58800500AC8 /* TrackerTests.xctest */;
			productType = "com.apple.product-type.bundle.unit-test";
		};
		30CC248E2B14CD00009791FC /* Tracker */ = {
			isa = PBXNativeTarget;
			buildConfigurationList = 30CC24A32B14CD01009791FC /* Build configuration list for PBXNativeTarget "Tracker" */;
			buildPhases = (
				30CC248B2B14CD00009791FC /* Sources */,
				30CC248C2B14CD00009791FC /* Frameworks */,
				30CC248D2B14CD00009791FC /* Resources */,
			);
			buildRules = (
			);
			dependencies = (
			);
			name = Tracker;
			productName = Tracker;
			productReference = 30CC248F2B14CD00009791FC /* Tracker.app */;
			productType = "com.apple.product-type.application";
		};
/* End PBXNativeTarget section */

/* Begin PBXProject section */
		30CC24872B14CD00009791FC /* Project object */ = {
			isa = PBXProject;
			attributes = {
				BuildIndependentTargetsInParallel = 1;
				LastSwiftUpdateCheck = 1500;
				LastUpgradeCheck = 1500;
				TargetAttributes = {
					304EDC172C11C58800500AC8 = {
						CreatedOnToolsVersion = 15.0.1;
						TestTargetID = 30CC248E2B14CD00009791FC;
					};
					30CC248E2B14CD00009791FC = {
						CreatedOnToolsVersion = 15.0.1;
					};
				};
			};
			buildConfigurationList = 30CC248A2B14CD00009791FC /* Build configuration list for PBXProject "Tracker" */;
			compatibilityVersion = "Xcode 14.0";
			developmentRegion = en;
			hasScannedForEncodings = 0;
			knownRegions = (
				en,
				Base,
				ru,
				fr,
			);
			mainGroup = 30CC24862B14CD00009791FC;
			packageReferences = (
				304EDC212C11C5EB00500AC8 /* XCRemoteSwiftPackageReference "swift-snapshot-testing" */,
			);
			productRefGroup = 30CC24902B14CD00009791FC /* Products */;
			projectDirPath = "";
			projectRoot = "";
			targets = (
				30CC248E2B14CD00009791FC /* Tracker */,
				304EDC172C11C58800500AC8 /* TrackerTests */,
			);
		};
/* End PBXProject section */

/* Begin PBXResourcesBuildPhase section */
		304EDC162C11C58800500AC8 /* Resources */ = {
			isa = PBXResourcesBuildPhase;
			buildActionMask = 2147483647;
			files = (
			);
			runOnlyForDeploymentPostprocessing = 0;
		};
		30CC248D2B14CD00009791FC /* Resources */ = {
			isa = PBXResourcesBuildPhase;
			buildActionMask = 2147483647;
			files = (
				30CC249F2B14CD01009791FC /* LaunchScreen.storyboard in Resources */,
				304EDBFE2C0E008100500AC8 /* Localizable.stringsdict in Resources */,
				304EDBF52C0DF5B600500AC8 /* Localizable.strings in Resources */,
				30CC249C2B14CD01009791FC /* Assets.xcassets in Resources */,
			);
			runOnlyForDeploymentPostprocessing = 0;
		};
/* End PBXResourcesBuildPhase section */

/* Begin PBXSourcesBuildPhase section */
		304EDC142C11C58800500AC8 /* Sources */ = {
			isa = PBXSourcesBuildPhase;
			buildActionMask = 2147483647;
			files = (
				304EDC1B2C11C58800500AC8 /* TrackerTests.swift in Sources */,
			);
			runOnlyForDeploymentPostprocessing = 0;
		};
		30CC248B2B14CD00009791FC /* Sources */ = {
			isa = PBXSourcesBuildPhase;
			buildActionMask = 2147483647;
			files = (
				30338CD92B8F2B24006FEED5 /* TrackerCollectionViewCellDelegate.swift in Sources */,
				30C7E06B2B986EA500BD407B /* NewIrregularEventViewController.swift in Sources */,
				3029B1052B2700A400AE1EA9 /* ScheduleViewController.swift in Sources */,
				30B87C602BA30924008BC5A7 /* TrackerFeaturesHeaderView.swift in Sources */,
				3029B1032B27003200AE1EA9 /* WeekDay.swift in Sources */,
				30338CD32B8753DE006FEED5 /* ScheduleCellDelegate.swift in Sources */,
				30CC251B2B19FEA3009791FC /* TrackerCategory.swift in Sources */,
				30F3CB1F2BEA266E0055129A /* UIColorMarshalling.swift in Sources */,
				30338CD52B8E11C1006FEED5 /* WhatWillWeTrackView.swift in Sources */,
				304EDC282C11CBA600500AC8 /* StatisticsNotFoundView.swift in Sources */,
				302205C12BFDC8140006444D /* NewCategoryViewController.swift in Sources */,
				30338CD72B8E1205006FEED5 /* NothingWasFoundView.swift in Sources */,
				3029B1092B283ACF00AE1EA9 /* TrackerCreationCell.swift in Sources */,
				30F3CB1B2BE8CC740055129A /* TrackerRecordStore.swift in Sources */,
				302205CC2BFF300A0006444D /* CategoriesViewController.swift in Sources */,
				30CC24AE2B17B906009791FC /* PaddingLabel.swift in Sources */,
				30CC24A72B15E351009791FC /* MainTabBarController.swift in Sources */,
				30CC24A92B15E4F4009791FC /* TrackersViewController.swift in Sources */,
				304EDBF12C0A0A0000500AC8 /* DetectLaunch.swift in Sources */,
				3029B1072B2700DA00AE1EA9 /* ScheduleTableViewCell.swift in Sources */,
				30F3CB172BE8CC4D0055129A /* TrackerStore.swift in Sources */,
				30338CCF2B875141006FEED5 /* ScheduleViewControllerDelegate.swift in Sources */,
				30338CD12B875198006FEED5 /* TrackersDelegate.swift in Sources */,
				30C7E06F2B9880FF00BD407B /* MockArrays.swift in Sources */,
				3029B1112B2C5FF700AE1EA9 /* MockTrackerCategories.swift in Sources */,
				30CC251D2B19FEB5009791FC /* TrackerRecord.swift in Sources */,
				304EDC042C10509000500AC8 /* Colors.swift in Sources */,
				30B87C5C2BA087EF008BC5A7 /* ListsOfEmojisAndColors.swift in Sources */,
				30C7E0712B999FD700BD407B /* Schedule.swift in Sources */,
				30CC254C2B239709009791FC /* TrackerCreationScreenViewController.swift in Sources */,
				302205C52BFDF1980006444D /* СategoriesEmptyView.swift in Sources */,
				30CC25232B20B0BC009791FC /* TrackersCollectionViewCell.swift in Sources */,
				302205C82BFE27470006444D /* CategoriesViewModel.swift in Sources */,
				30CC25192B19FE6C009791FC /* Tracker.swift in Sources */,
				3029B10F2B2AF1B600AE1EA9 /* UIView+extension.swift in Sources */,
				30C7E06D2B987BD100BD407B /* EventCreationCell.swift in Sources */,
				30F3CB212BEA280E0055129A /* DataError.swift in Sources */,
				30CC25472B224907009791FC /* HeaderView.swift in Sources */,
				30CC251F2B1FA069009791FC /* TrackerCreatingViewController.swift in Sources */,
				306C1B022BF78D3000F4717A /* OnboardingViewController.swift in Sources */,
				30B727102BF4B2080047EB56 /* DataStore.swift in Sources */,
				30CC24AB2B15E511009791FC /* StatisticViewController.swift in Sources */,
				3090DB3B2BE17132004C9BB0 /* Tracker.xcdatamodeld in Sources */,
				30F3CB192BE8CC610055129A /* TrackerCategoryStore.swift in Sources */,
				30CC24932B14CD00009791FC /* AppDelegate.swift in Sources */,
				302205BF2BFCCD740006444D /* CustomTableViewCell.swift in Sources */,
				30CC24952B14CD00009791FC /* SceneDelegate.swift in Sources */,
				306C1B052BF7966400F4717A /* OnboardingPageViewController.swift in Sources */,
				30B87C5E2BA1EC49008BC5A7 /* TrackerFeaturesCell.swift in Sources */,
			);
			runOnlyForDeploymentPostprocessing = 0;
		};
/* End PBXSourcesBuildPhase section */

/* Begin PBXTargetDependency section */
		304EDC1D2C11C58800500AC8 /* PBXTargetDependency */ = {
			isa = PBXTargetDependency;
			target = 30CC248E2B14CD00009791FC /* Tracker */;
			targetProxy = 304EDC1C2C11C58800500AC8 /* PBXContainerItemProxy */;
		};
/* End PBXTargetDependency section */

/* Begin PBXVariantGroup section */
		304EDBF72C0DF5B600500AC8 /* Localizable.strings */ = {
			isa = PBXVariantGroup;
			children = (
				304EDBF62C0DF5B600500AC8 /* en */,
				304EDBF92C0DF5D000500AC8 /* ru */,
				304EDBFB2C0DF72700500AC8 /* fr */,
			);
			name = Localizable.strings;
			sourceTree = "<group>";
		};
		304EDC002C0E008100500AC8 /* Localizable.stringsdict */ = {
			isa = PBXVariantGroup;
			children = (
				304EDBFF2C0E008100500AC8 /* en */,
				304EDC012C0E008400500AC8 /* fr */,
				304EDC022C0E008400500AC8 /* ru */,
			);
			name = Localizable.stringsdict;
			sourceTree = "<group>";
		};
		30CC249D2B14CD01009791FC /* LaunchScreen.storyboard */ = {
			isa = PBXVariantGroup;
			children = (
				30CC249E2B14CD01009791FC /* Base */,
				304EDBF82C0DF5D000500AC8 /* ru */,
				304EDBFA2C0DF72700500AC8 /* fr */,
			);
			name = LaunchScreen.storyboard;
			sourceTree = "<group>";
		};
/* End PBXVariantGroup section */

/* Begin XCBuildConfiguration section */
		304EDC1F2C11C58800500AC8 /* Debug */ = {
			isa = XCBuildConfiguration;
			buildSettings = {
				BUNDLE_LOADER = "$(TEST_HOST)";
				CODE_SIGN_STYLE = Automatic;
				CURRENT_PROJECT_VERSION = 1;
				DEVELOPMENT_TEAM = SGD27FRKX4;
				GENERATE_INFOPLIST_FILE = YES;
				IPHONEOS_DEPLOYMENT_TARGET = 17.0;
				MARKETING_VERSION = 1.0;
				PRODUCT_BUNDLE_IDENTIFIER = IM.Library.TrackerTests;
				PRODUCT_NAME = "$(TARGET_NAME)";
				SWIFT_EMIT_LOC_STRINGS = NO;
				SWIFT_VERSION = 5.0;
				TARGETED_DEVICE_FAMILY = "1,2";
				TEST_HOST = "$(BUILT_PRODUCTS_DIR)/Tracker.app/$(BUNDLE_EXECUTABLE_FOLDER_PATH)/Tracker";
			};
			name = Debug;
		};
		304EDC202C11C58800500AC8 /* Release */ = {
			isa = XCBuildConfiguration;
			buildSettings = {
				BUNDLE_LOADER = "$(TEST_HOST)";
				CODE_SIGN_STYLE = Automatic;
				CURRENT_PROJECT_VERSION = 1;
				DEVELOPMENT_TEAM = SGD27FRKX4;
				GENERATE_INFOPLIST_FILE = YES;
				IPHONEOS_DEPLOYMENT_TARGET = 17.0;
				MARKETING_VERSION = 1.0;
				PRODUCT_BUNDLE_IDENTIFIER = IM.Library.TrackerTests;
				PRODUCT_NAME = "$(TARGET_NAME)";
				SWIFT_EMIT_LOC_STRINGS = NO;
				SWIFT_VERSION = 5.0;
				TARGETED_DEVICE_FAMILY = "1,2";
				TEST_HOST = "$(BUILT_PRODUCTS_DIR)/Tracker.app/$(BUNDLE_EXECUTABLE_FOLDER_PATH)/Tracker";
			};
			name = Release;
		};
		30CC24A12B14CD01009791FC /* Debug */ = {
			isa = XCBuildConfiguration;
			buildSettings = {
				ALWAYS_SEARCH_USER_PATHS = NO;
				ASSETCATALOG_COMPILER_GENERATE_SWIFT_ASSET_SYMBOL_EXTENSIONS = YES;
				CLANG_ANALYZER_LOCALIZABILITY_NONLOCALIZED = YES;
				CLANG_ANALYZER_NONNULL = YES;
				CLANG_ANALYZER_NUMBER_OBJECT_CONVERSION = YES_AGGRESSIVE;
				CLANG_CXX_LANGUAGE_STANDARD = "gnu++20";
				CLANG_ENABLE_MODULES = YES;
				CLANG_ENABLE_OBJC_ARC = YES;
				CLANG_ENABLE_OBJC_WEAK = YES;
				CLANG_WARN_BLOCK_CAPTURE_AUTORELEASING = YES;
				CLANG_WARN_BOOL_CONVERSION = YES;
				CLANG_WARN_COMMA = YES;
				CLANG_WARN_CONSTANT_CONVERSION = YES;
				CLANG_WARN_DEPRECATED_OBJC_IMPLEMENTATIONS = YES;
				CLANG_WARN_DIRECT_OBJC_ISA_USAGE = YES_ERROR;
				CLANG_WARN_DOCUMENTATION_COMMENTS = YES;
				CLANG_WARN_EMPTY_BODY = YES;
				CLANG_WARN_ENUM_CONVERSION = YES;
				CLANG_WARN_INFINITE_RECURSION = YES;
				CLANG_WARN_INT_CONVERSION = YES;
				CLANG_WARN_NON_LITERAL_NULL_CONVERSION = YES;
				CLANG_WARN_OBJC_IMPLICIT_RETAIN_SELF = YES;
				CLANG_WARN_OBJC_LITERAL_CONVERSION = YES;
				CLANG_WARN_OBJC_ROOT_CLASS = YES_ERROR;
				CLANG_WARN_QUOTED_INCLUDE_IN_FRAMEWORK_HEADER = YES;
				CLANG_WARN_RANGE_LOOP_ANALYSIS = YES;
				CLANG_WARN_STRICT_PROTOTYPES = YES;
				CLANG_WARN_SUSPICIOUS_MOVE = YES;
				CLANG_WARN_UNGUARDED_AVAILABILITY = YES_AGGRESSIVE;
				CLANG_WARN_UNREACHABLE_CODE = YES;
				CLANG_WARN__DUPLICATE_METHOD_MATCH = YES;
				COPY_PHASE_STRIP = NO;
				DEBUG_INFORMATION_FORMAT = dwarf;
				ENABLE_STRICT_OBJC_MSGSEND = YES;
				ENABLE_TESTABILITY = YES;
				ENABLE_USER_SCRIPT_SANDBOXING = YES;
				GCC_C_LANGUAGE_STANDARD = gnu17;
				GCC_DYNAMIC_NO_PIC = NO;
				GCC_NO_COMMON_BLOCKS = YES;
				GCC_OPTIMIZATION_LEVEL = 0;
				GCC_PREPROCESSOR_DEFINITIONS = (
					"DEBUG=1",
					"$(inherited)",
				);
				GCC_WARN_64_TO_32_BIT_CONVERSION = YES;
				GCC_WARN_ABOUT_RETURN_TYPE = YES_ERROR;
				GCC_WARN_UNDECLARED_SELECTOR = YES;
				GCC_WARN_UNINITIALIZED_AUTOS = YES_AGGRESSIVE;
				GCC_WARN_UNUSED_FUNCTION = YES;
				GCC_WARN_UNUSED_VARIABLE = YES;
				IPHONEOS_DEPLOYMENT_TARGET = 14.3;
				LOCALIZATION_PREFERS_STRING_CATALOGS = YES;
				MTL_ENABLE_DEBUG_INFO = INCLUDE_SOURCE;
				MTL_FAST_MATH = YES;
				ONLY_ACTIVE_ARCH = YES;
				SDKROOT = iphoneos;
				SWIFT_ACTIVE_COMPILATION_CONDITIONS = "DEBUG $(inherited)";
				SWIFT_OPTIMIZATION_LEVEL = "-Onone";
			};
			name = Debug;
		};
		30CC24A22B14CD01009791FC /* Release */ = {
			isa = XCBuildConfiguration;
			buildSettings = {
				ALWAYS_SEARCH_USER_PATHS = NO;
				ASSETCATALOG_COMPILER_GENERATE_SWIFT_ASSET_SYMBOL_EXTENSIONS = YES;
				CLANG_ANALYZER_LOCALIZABILITY_NONLOCALIZED = YES;
				CLANG_ANALYZER_NONNULL = YES;
				CLANG_ANALYZER_NUMBER_OBJECT_CONVERSION = YES_AGGRESSIVE;
				CLANG_CXX_LANGUAGE_STANDARD = "gnu++20";
				CLANG_ENABLE_MODULES = YES;
				CLANG_ENABLE_OBJC_ARC = YES;
				CLANG_ENABLE_OBJC_WEAK = YES;
				CLANG_WARN_BLOCK_CAPTURE_AUTORELEASING = YES;
				CLANG_WARN_BOOL_CONVERSION = YES;
				CLANG_WARN_COMMA = YES;
				CLANG_WARN_CONSTANT_CONVERSION = YES;
				CLANG_WARN_DEPRECATED_OBJC_IMPLEMENTATIONS = YES;
				CLANG_WARN_DIRECT_OBJC_ISA_USAGE = YES_ERROR;
				CLANG_WARN_DOCUMENTATION_COMMENTS = YES;
				CLANG_WARN_EMPTY_BODY = YES;
				CLANG_WARN_ENUM_CONVERSION = YES;
				CLANG_WARN_INFINITE_RECURSION = YES;
				CLANG_WARN_INT_CONVERSION = YES;
				CLANG_WARN_NON_LITERAL_NULL_CONVERSION = YES;
				CLANG_WARN_OBJC_IMPLICIT_RETAIN_SELF = YES;
				CLANG_WARN_OBJC_LITERAL_CONVERSION = YES;
				CLANG_WARN_OBJC_ROOT_CLASS = YES_ERROR;
				CLANG_WARN_QUOTED_INCLUDE_IN_FRAMEWORK_HEADER = YES;
				CLANG_WARN_RANGE_LOOP_ANALYSIS = YES;
				CLANG_WARN_STRICT_PROTOTYPES = YES;
				CLANG_WARN_SUSPICIOUS_MOVE = YES;
				CLANG_WARN_UNGUARDED_AVAILABILITY = YES_AGGRESSIVE;
				CLANG_WARN_UNREACHABLE_CODE = YES;
				CLANG_WARN__DUPLICATE_METHOD_MATCH = YES;
				COPY_PHASE_STRIP = NO;
				DEBUG_INFORMATION_FORMAT = "dwarf-with-dsym";
				ENABLE_NS_ASSERTIONS = NO;
				ENABLE_STRICT_OBJC_MSGSEND = YES;
				ENABLE_USER_SCRIPT_SANDBOXING = YES;
				GCC_C_LANGUAGE_STANDARD = gnu17;
				GCC_NO_COMMON_BLOCKS = YES;
				GCC_WARN_64_TO_32_BIT_CONVERSION = YES;
				GCC_WARN_ABOUT_RETURN_TYPE = YES_ERROR;
				GCC_WARN_UNDECLARED_SELECTOR = YES;
				GCC_WARN_UNINITIALIZED_AUTOS = YES_AGGRESSIVE;
				GCC_WARN_UNUSED_FUNCTION = YES;
				GCC_WARN_UNUSED_VARIABLE = YES;
				IPHONEOS_DEPLOYMENT_TARGET = 14.3;
				LOCALIZATION_PREFERS_STRING_CATALOGS = YES;
				MTL_ENABLE_DEBUG_INFO = NO;
				MTL_FAST_MATH = YES;
				SDKROOT = iphoneos;
				SWIFT_COMPILATION_MODE = wholemodule;
				VALIDATE_PRODUCT = YES;
			};
			name = Release;
		};
		30CC24A42B14CD01009791FC /* Debug */ = {
			isa = XCBuildConfiguration;
			buildSettings = {
				ASSETCATALOG_COMPILER_APPICON_NAME = AppIcon;
				ASSETCATALOG_COMPILER_GLOBAL_ACCENT_COLOR_NAME = AccentColor;
				CODE_SIGN_STYLE = Automatic;
				CURRENT_PROJECT_VERSION = 1;
				DEVELOPMENT_TEAM = SGD27FRKX4;
				GENERATE_INFOPLIST_FILE = YES;
				INFOPLIST_FILE = Tracker/Info.plist;
				INFOPLIST_KEY_UIApplicationSupportsIndirectInputEvents = YES;
				INFOPLIST_KEY_UILaunchStoryboardName = LaunchScreen;
				INFOPLIST_KEY_UIStatusBarStyle = "";
				INFOPLIST_KEY_UISupportedInterfaceOrientations = UIInterfaceOrientationPortrait;
				IPHONEOS_DEPLOYMENT_TARGET = 13.4;
				LD_RUNPATH_SEARCH_PATHS = (
					"$(inherited)",
					"@executable_path/Frameworks",
				);
				MARKETING_VERSION = 1.0;
				PRODUCT_BUNDLE_IDENTIFIER = IM.Tracker.Tracker;
				PRODUCT_NAME = "$(TARGET_NAME)";
				SUPPORTED_PLATFORMS = "iphoneos iphonesimulator";
				SUPPORTS_MACCATALYST = NO;
				SUPPORTS_MAC_DESIGNED_FOR_IPHONE_IPAD = NO;
				SWIFT_EMIT_LOC_STRINGS = YES;
				SWIFT_VERSION = 5.0;
				TARGETED_DEVICE_FAMILY = 1;
			};
			name = Debug;
		};
		30CC24A52B14CD01009791FC /* Release */ = {
			isa = XCBuildConfiguration;
			buildSettings = {
				ASSETCATALOG_COMPILER_APPICON_NAME = AppIcon;
				ASSETCATALOG_COMPILER_GLOBAL_ACCENT_COLOR_NAME = AccentColor;
				CODE_SIGN_STYLE = Automatic;
				CURRENT_PROJECT_VERSION = 1;
				DEVELOPMENT_TEAM = SGD27FRKX4;
				GENERATE_INFOPLIST_FILE = YES;
				INFOPLIST_FILE = Tracker/Info.plist;
				INFOPLIST_KEY_UIApplicationSupportsIndirectInputEvents = YES;
				INFOPLIST_KEY_UILaunchStoryboardName = LaunchScreen;
				INFOPLIST_KEY_UIStatusBarStyle = "";
				INFOPLIST_KEY_UISupportedInterfaceOrientations = UIInterfaceOrientationPortrait;
				IPHONEOS_DEPLOYMENT_TARGET = 13.4;
				LD_RUNPATH_SEARCH_PATHS = (
					"$(inherited)",
					"@executable_path/Frameworks",
				);
				MARKETING_VERSION = 1.0;
				PRODUCT_BUNDLE_IDENTIFIER = IM.Tracker.Tracker;
				PRODUCT_NAME = "$(TARGET_NAME)";
				SUPPORTED_PLATFORMS = "iphoneos iphonesimulator";
				SUPPORTS_MACCATALYST = NO;
				SUPPORTS_MAC_DESIGNED_FOR_IPHONE_IPAD = NO;
				SWIFT_EMIT_LOC_STRINGS = YES;
				SWIFT_VERSION = 5.0;
				TARGETED_DEVICE_FAMILY = 1;
			};
			name = Release;
		};
/* End XCBuildConfiguration section */

/* Begin XCConfigurationList section */
		304EDC1E2C11C58800500AC8 /* Build configuration list for PBXNativeTarget "TrackerTests" */ = {
			isa = XCConfigurationList;
			buildConfigurations = (
				304EDC1F2C11C58800500AC8 /* Debug */,
				304EDC202C11C58800500AC8 /* Release */,
			);
			defaultConfigurationIsVisible = 0;
			defaultConfigurationName = Release;
		};
		30CC248A2B14CD00009791FC /* Build configuration list for PBXProject "Tracker" */ = {
			isa = XCConfigurationList;
			buildConfigurations = (
				30CC24A12B14CD01009791FC /* Debug */,
				30CC24A22B14CD01009791FC /* Release */,
			);
			defaultConfigurationIsVisible = 0;
			defaultConfigurationName = Release;
		};
		30CC24A32B14CD01009791FC /* Build configuration list for PBXNativeTarget "Tracker" */ = {
			isa = XCConfigurationList;
			buildConfigurations = (
				30CC24A42B14CD01009791FC /* Debug */,
				30CC24A52B14CD01009791FC /* Release */,
			);
			defaultConfigurationIsVisible = 0;
			defaultConfigurationName = Release;
		};
/* End XCConfigurationList section */

/* Begin XCRemoteSwiftPackageReference section */
		304EDC212C11C5EB00500AC8 /* XCRemoteSwiftPackageReference "swift-snapshot-testing" */ = {
			isa = XCRemoteSwiftPackageReference;
			repositoryURL = "https://github.com/pointfreeco/swift-snapshot-testing";
			requirement = {
				kind = upToNextMajorVersion;
				minimumVersion = 1.16.0;
			};
		};
/* End XCRemoteSwiftPackageReference section */

/* Begin XCSwiftPackageProductDependency section */
		304EDC222C11C5EB00500AC8 /* InlineSnapshotTesting */ = {
			isa = XCSwiftPackageProductDependency;
			package = 304EDC212C11C5EB00500AC8 /* XCRemoteSwiftPackageReference "swift-snapshot-testing" */;
			productName = InlineSnapshotTesting;
		};
		304EDC242C11C5EB00500AC8 /* SnapshotTesting */ = {
			isa = XCSwiftPackageProductDependency;
			package = 304EDC212C11C5EB00500AC8 /* XCRemoteSwiftPackageReference "swift-snapshot-testing" */;
			productName = SnapshotTesting;
		};
/* End XCSwiftPackageProductDependency section */

/* Begin XCVersionGroup section */
		3090DB392BE17132004C9BB0 /* Tracker.xcdatamodeld */ = {
			isa = XCVersionGroup;
			children = (
				3090DB3A2BE17132004C9BB0 /* Tracker.xcdatamodel */,
			);
			currentVersion = 3090DB3A2BE17132004C9BB0 /* Tracker.xcdatamodel */;
			path = Tracker.xcdatamodeld;
			sourceTree = "<group>";
			versionGroupType = wrapper.xcdatamodel;
		};
/* End XCVersionGroup section */
	};
	rootObject = 30CC24872B14CD00009791FC /* Project object */;
}
